
Microsoft Visual Studio Solution File, Format Version 12.00
Project("{FAE04EC0-301F-11D3-BF4B-00C04F79EFBC}") = "XeroApiDemo.Api", "src\XeroApiDemo.Api\XeroApiDemo.Api.csproj", "{24F119EE-1E37-4902-B62C-DAE78852B2BE}"
EndProject
Project("{2150E333-8FDC-42A3-9474-1A3956D46DE8}") = "src", "src", "{67F01E7F-950C-4D92-B307-4AE7CC0B6610}"
EndProject
Project("{2150E333-8FDC-42A3-9474-1A3956D46DE8}") = "tests", "tests", "{81604446-160D-450B-825A-74B02B3D3D1B}"
EndProject
Project("{FAE04EC0-301F-11D3-BF4B-00C04F79EFBC}") = "XeroApiDemo.Domain", "src\XeroApiDemo.Domain\XeroApiDemo.Domain.csproj", "{C5F91B8D-A70E-4312-9EFB-906165DEDC49}"
EndProject
Project("{FAE04EC0-301F-11D3-BF4B-00C04F79EFBC}") = "XeroApiDemo.Application", "src\XeroApiDemo.Application\XeroApiDemo.Application.csproj", "{C260FDDD-5BA2-46F7-A92F-83DCA0651238}"
EndProject
Project("{FAE04EC0-301F-11D3-BF4B-00C04F79EFBC}") = "XeroApiDemo.Application.Tests", "tests\XeroApiDemo.Application.Tests\XeroApiDemo.Application.Tests.csproj", "{A8E81DE5-9B3A-40FC-9D25-9F7C8DE3CE2B}"
EndProject
Global
	GlobalSection(SolutionConfigurationPlatforms) = preSolution
		Debug|Any CPU = Debug|Any CPU
		Release|Any CPU = Release|Any CPU
	EndGlobalSection
	GlobalSection(ProjectConfigurationPlatforms) = postSolution
		{24F119EE-1E37-4902-B62C-DAE78852B2BE}.Debug|Any CPU.ActiveCfg = Debug|Any CPU
		{24F119EE-1E37-4902-B62C-DAE78852B2BE}.Debug|Any CPU.Build.0 = Debug|Any CPU
		{24F119EE-1E37-4902-B62C-DAE78852B2BE}.Release|Any CPU.ActiveCfg = Release|Any CPU
		{24F119EE-1E37-4902-B62C-DAE78852B2BE}.Release|Any CPU.Build.0 = Release|Any CPU
		{C5F91B8D-A70E-4312-9EFB-906165DEDC49}.Debug|Any CPU.ActiveCfg = Debug|Any CPU
		{C5F91B8D-A70E-4312-9EFB-906165DEDC49}.Debug|Any CPU.Build.0 = Debug|Any CPU
		{C5F91B8D-A70E-4312-9EFB-906165DEDC49}.Release|Any CPU.ActiveCfg = Release|Any CPU
		{C5F91B8D-A70E-4312-9EFB-906165DEDC49}.Release|Any CPU.Build.0 = Release|Any CPU
		{C260FDDD-5BA2-46F7-A92F-83DCA0651238}.Debug|Any CPU.ActiveCfg = Debug|Any CPU
		{C260FDDD-5BA2-46F7-A92F-83DCA0651238}.Debug|Any CPU.Build.0 = Debug|Any CPU
		{C260FDDD-5BA2-46F7-A92F-83DCA0651238}.Release|Any CPU.ActiveCfg = Release|Any CPU
		{C260FDDD-5BA2-46F7-A92F-83DCA0651238}.Release|Any CPU.Build.0 = Release|Any CPU
		{A8E81DE5-9B3A-40FC-9D25-9F7C8DE3CE2B}.Debug|Any CPU.ActiveCfg = Debug|Any CPU
		{A8E81DE5-9B3A-40FC-9D25-9F7C8DE3CE2B}.Debug|Any CPU.Build.0 = Debug|Any CPU
		{A8E81DE5-9B3A-40FC-9D25-9F7C8DE3CE2B}.Release|Any CPU.ActiveCfg = Release|Any CPU
		{A8E81DE5-9B3A-40FC-9D25-9F7C8DE3CE2B}.Release|Any CPU.Build.0 = Release|Any CPU
	EndGlobalSection
	GlobalSection(NestedProjects) = preSolution
		{24F119EE-1E37-4902-B62C-DAE78852B2BE} = {67F01E7F-950C-4D92-B307-4AE7CC0B6610}
		{C5F91B8D-A70E-4312-9EFB-906165DEDC49} = {67F01E7F-950C-4D92-B307-4AE7CC0B6610}
		{C260FDDD-5BA2-46F7-A92F-83DCA0651238} = {67F01E7F-950C-4D92-B307-4AE7CC0B6610}
		{A8E81DE5-9B3A-40FC-9D25-9F7C8DE3CE2B} = {81604446-160D-450B-825A-74B02B3D3D1B}
	EndGlobalSection
EndGlobal
